
Microsoft Visual Studio Solution File, Format Version 12.00
# Visual Studio Version 16
VisualStudioVersion = 16.0.31129.286
MinimumVisualStudioVersion = 10.0.40219.1
Project("{FAE04EC0-301F-11D3-BF4B-00C04F79EFBC}") = "likes", "likes\likes.csproj", "{C8B5AF86-0420-474C-B584-344F252943D3}"
EndProject
Global
	GlobalSection(SolutionConfigurationPlatforms) = preSolution
		Debug|Any CPU = Debug|Any CPU
		Release|Any CPU = Release|Any CPU
	EndGlobalSection
	GlobalSection(ProjectConfigurationPlatforms) = postSolution
		{C8B5AF86-0420-474C-B584-344F252943D3}.Debug|Any CPU.ActiveCfg = Debug|Any CPU
		{C8B5AF86-0420-474C-B584-344F252943D3}.Debug|Any CPU.Build.0 = Debug|Any CPU
		{C8B5AF86-0420-474C-B584-344F252943D3}.Release|Any CPU.ActiveCfg = Release|Any CPU
		{C8B5AF86-0420-474C-B584-344F252943D3}.Release|Any CPU.Build.0 = Release|Any CPU
	EndGlobalSection
	GlobalSection(SolutionProperties) = preSolution
		HideSolutionNode = FALSE
	EndGlobalSection
	GlobalSection(ExtensibilityGlobals) = postSolution
		SolutionGuid = {315F1C95-A73C-4289-99FA-B9CDD669D9C6}
	EndGlobalSection
EndGlobal
